
Microsoft Visual Studio Solution File, Format Version 12.00
# Visual Studio 14
VisualStudioVersion = 14.0.25420.1
MinimumVisualStudioVersion = 10.0.40219.1
Project("{FAE04EC0-301F-11D3-BF4B-00C04F79EFBC}") = "DAL_Ex1", "DAL_Ex1\DAL_Ex1.csproj", "{0990445D-1A4E-4EFA-A75B-7AD764F0908F}"
EndProject
Project("{FAE04EC0-301F-11D3-BF4B-00C04F79EFBC}") = "BL_Ex1", "BL_Ex1\BL_Ex1.csproj", "{4D3054D0-235B-4FC3-8799-876E34CC3529}"
EndProject
Global
	GlobalSection(SolutionConfigurationPlatforms) = preSolution
		Debug|Any CPU = Debug|Any CPU
		Release|Any CPU = Release|Any CPU
	EndGlobalSection
	GlobalSection(ProjectConfigurationPlatforms) = postSolution
		{0990445D-1A4E-4EFA-A75B-7AD764F0908F}.Debug|Any CPU.ActiveCfg = Debug|Any CPU
		{0990445D-1A4E-4EFA-A75B-7AD764F0908F}.Debug|Any CPU.Build.0 = Debug|Any CPU
		{0990445D-1A4E-4EFA-A75B-7AD764F0908F}.Release|Any CPU.ActiveCfg = Release|Any CPU
		{0990445D-1A4E-4EFA-A75B-7AD764F0908F}.Release|Any CPU.Build.0 = Release|Any CPU
		{4D3054D0-235B-4FC3-8799-876E34CC3529}.Debug|Any CPU.ActiveCfg = Debug|Any CPU
		{4D3054D0-235B-4FC3-8799-876E34CC3529}.Debug|Any CPU.Build.0 = Debug|Any CPU
		{4D3054D0-235B-4FC3-8799-876E34CC3529}.Release|Any CPU.ActiveCfg = Release|Any CPU
		{4D3054D0-235B-4FC3-8799-876E34CC3529}.Release|Any CPU.Build.0 = Release|Any CPU
	EndGlobalSection
	GlobalSection(SolutionProperties) = preSolution
		HideSolutionNode = FALSE
	EndGlobalSection
	GlobalSection(ExtensibilityGlobals) = postSolution
		SolutionGuid = {642FD822-5FA4-4EB1-A65B-5E42E5076095}
	EndGlobalSection
EndGlobal
